
Microsoft Visual Studio Solution File, Format Version 12.00
# Visual Studio Version 16
VisualStudioVersion = 16.0.30413.136
MinimumVisualStudioVersion = 10.0.40219.1
Project("{FAE04EC0-301F-11D3-BF4B-00C04F79EFBC}") = "EPAGriffinAPI", "EPAGriffinAPI\EPAGriffinAPI.csproj", "{1E656F70-62C4-428F-B0BA-BE1C5537AC2D}"
EndProject
Project("{FAE04EC0-301F-11D3-BF4B-00C04F79EFBC}") = "TESTAPP", "TESTAPP\TESTAPP.csproj", "{F93FCFC5-BD3B-4DED-AAEA-A05619E8935E}"
EndProject
Project("{FAE04EC0-301F-11D3-BF4B-00C04F79EFBC}") = "WebApp", "WebApp\WebApp.csproj", "{56AE6B1F-B40D-4C77-8761-3E1977815DF3}"
EndProject
Project("{FAE04EC0-301F-11D3-BF4B-00C04F79EFBC}") = "ClientApp", "ClientApp\ClientApp.csproj", "{4EAE5E45-A386-4C7D-AAF5-3E216EBF099E}"
EndProject
Project("{FAE04EC0-301F-11D3-BF4B-00C04F79EFBC}") = "Report", "Report\Report.csproj", "{894472CB-A68E-4E73-B443-A8ADB7F38136}"
EndProject
Project("{FAE04EC0-301F-11D3-BF4B-00C04F79EFBC}") = "APTasks", "APTasks\APTasks.csproj", "{6CC35D99-B426-4DA3-BB8C-49A678D3E49E}"
EndProject
Project("{FAE04EC0-301F-11D3-BF4B-00C04F79EFBC}") = "AirpocketAPI", "AirpocketAPI\AirpocketAPI.csproj", "{5FA5A62A-BFC7-4879-BA10-2EBE5CA75B0B}"
EndProject
Global
	GlobalSection(SolutionConfigurationPlatforms) = preSolution
		Debug|Any CPU = Debug|Any CPU
		Debug|x64 = Debug|x64
		Release|Any CPU = Release|Any CPU
		Release|x64 = Release|x64
	EndGlobalSection
	GlobalSection(ProjectConfigurationPlatforms) = postSolution
		{1E656F70-62C4-428F-B0BA-BE1C5537AC2D}.Debug|Any CPU.ActiveCfg = Debug|Any CPU
		{1E656F70-62C4-428F-B0BA-BE1C5537AC2D}.Debug|Any CPU.Build.0 = Debug|Any CPU
		{1E656F70-62C4-428F-B0BA-BE1C5537AC2D}.Debug|x64.ActiveCfg = Debug|Any CPU
		{1E656F70-62C4-428F-B0BA-BE1C5537AC2D}.Debug|x64.Build.0 = Debug|Any CPU
		{1E656F70-62C4-428F-B0BA-BE1C5537AC2D}.Release|Any CPU.ActiveCfg = Release|Any CPU
		{1E656F70-62C4-428F-B0BA-BE1C5537AC2D}.Release|Any CPU.Build.0 = Release|Any CPU
		{1E656F70-62C4-428F-B0BA-BE1C5537AC2D}.Release|x64.ActiveCfg = Release|Any CPU
		{1E656F70-62C4-428F-B0BA-BE1C5537AC2D}.Release|x64.Build.0 = Release|Any CPU
		{F93FCFC5-BD3B-4DED-AAEA-A05619E8935E}.Debug|Any CPU.ActiveCfg = Debug|Any CPU
		{F93FCFC5-BD3B-4DED-AAEA-A05619E8935E}.Debug|Any CPU.Build.0 = Debug|Any CPU
		{F93FCFC5-BD3B-4DED-AAEA-A05619E8935E}.Debug|x64.ActiveCfg = Debug|Any CPU
		{F93FCFC5-BD3B-4DED-AAEA-A05619E8935E}.Debug|x64.Build.0 = Debug|Any CPU
		{F93FCFC5-BD3B-4DED-AAEA-A05619E8935E}.Release|Any CPU.ActiveCfg = Release|Any CPU
		{F93FCFC5-BD3B-4DED-AAEA-A05619E8935E}.Release|Any CPU.Build.0 = Release|Any CPU
		{F93FCFC5-BD3B-4DED-AAEA-A05619E8935E}.Release|x64.ActiveCfg = Release|Any CPU
		{F93FCFC5-BD3B-4DED-AAEA-A05619E8935E}.Release|x64.Build.0 = Release|Any CPU
		{56AE6B1F-B40D-4C77-8761-3E1977815DF3}.Debug|Any CPU.ActiveCfg = Debug|Any CPU
		{56AE6B1F-B40D-4C77-8761-3E1977815DF3}.Debug|Any CPU.Build.0 = Debug|Any CPU
		{56AE6B1F-B40D-4C77-8761-3E1977815DF3}.Debug|x64.ActiveCfg = Debug|Any CPU
		{56AE6B1F-B40D-4C77-8761-3E1977815DF3}.Debug|x64.Build.0 = Debug|Any CPU
		{56AE6B1F-B40D-4C77-8761-3E1977815DF3}.Release|Any CPU.ActiveCfg = Release|Any CPU
		{56AE6B1F-B40D-4C77-8761-3E1977815DF3}.Release|Any CPU.Build.0 = Release|Any CPU
		{56AE6B1F-B40D-4C77-8761-3E1977815DF3}.Release|x64.ActiveCfg = Release|Any CPU
		{56AE6B1F-B40D-4C77-8761-3E1977815DF3}.Release|x64.Build.0 = Release|Any CPU
		{4EAE5E45-A386-4C7D-AAF5-3E216EBF099E}.Debug|Any CPU.ActiveCfg = Debug|Any CPU
		{4EAE5E45-A386-4C7D-AAF5-3E216EBF099E}.Debug|Any CPU.Build.0 = Debug|Any CPU
		{4EAE5E45-A386-4C7D-AAF5-3E216EBF099E}.Debug|x64.ActiveCfg = Debug|Any CPU
		{4EAE5E45-A386-4C7D-AAF5-3E216EBF099E}.Debug|x64.Build.0 = Debug|Any CPU
		{4EAE5E45-A386-4C7D-AAF5-3E216EBF099E}.Release|Any CPU.ActiveCfg = Release|Any CPU
		{4EAE5E45-A386-4C7D-AAF5-3E216EBF099E}.Release|Any CPU.Build.0 = Release|Any CPU
		{4EAE5E45-A386-4C7D-AAF5-3E216EBF099E}.Release|x64.ActiveCfg = Release|Any CPU
		{4EAE5E45-A386-4C7D-AAF5-3E216EBF099E}.Release|x64.Build.0 = Release|Any CPU
		{894472CB-A68E-4E73-B443-A8ADB7F38136}.Debug|Any CPU.ActiveCfg = Debug|Any CPU
		{894472CB-A68E-4E73-B443-A8ADB7F38136}.Debug|Any CPU.Build.0 = Debug|Any CPU
		{894472CB-A68E-4E73-B443-A8ADB7F38136}.Debug|x64.ActiveCfg = Debug|Any CPU
		{894472CB-A68E-4E73-B443-A8ADB7F38136}.Debug|x64.Build.0 = Debug|Any CPU
		{894472CB-A68E-4E73-B443-A8ADB7F38136}.Release|Any CPU.ActiveCfg = Release|Any CPU
		{894472CB-A68E-4E73-B443-A8ADB7F38136}.Release|Any CPU.Build.0 = Release|Any CPU
		{894472CB-A68E-4E73-B443-A8ADB7F38136}.Release|x64.ActiveCfg = Release|Any CPU
		{894472CB-A68E-4E73-B443-A8ADB7F38136}.Release|x64.Build.0 = Release|Any CPU
		{6CC35D99-B426-4DA3-BB8C-49A678D3E49E}.Debug|Any CPU.ActiveCfg = Debug|Any CPU
		{6CC35D99-B426-4DA3-BB8C-49A678D3E49E}.Debug|Any CPU.Build.0 = Debug|Any CPU
		{6CC35D99-B426-4DA3-BB8C-49A678D3E49E}.Debug|x64.ActiveCfg = Debug|Any CPU
		{6CC35D99-B426-4DA3-BB8C-49A678D3E49E}.Debug|x64.Build.0 = Debug|Any CPU
		{6CC35D99-B426-4DA3-BB8C-49A678D3E49E}.Release|Any CPU.ActiveCfg = Release|Any CPU
		{6CC35D99-B426-4DA3-BB8C-49A678D3E49E}.Release|Any CPU.Build.0 = Release|Any CPU
		{6CC35D99-B426-4DA3-BB8C-49A678D3E49E}.Release|x64.ActiveCfg = Release|Any CPU
		{6CC35D99-B426-4DA3-BB8C-49A678D3E49E}.Release|x64.Build.0 = Release|Any CPU
		{5FA5A62A-BFC7-4879-BA10-2EBE5CA75B0B}.Debug|Any CPU.ActiveCfg = Debug|Any CPU
		{5FA5A62A-BFC7-4879-BA10-2EBE5CA75B0B}.Debug|Any CPU.Build.0 = Debug|Any CPU
		{5FA5A62A-BFC7-4879-BA10-2EBE5CA75B0B}.Debug|x64.ActiveCfg = Debug|x64
		{5FA5A62A-BFC7-4879-BA10-2EBE5CA75B0B}.Debug|x64.Build.0 = Debug|x64
		{5FA5A62A-BFC7-4879-BA10-2EBE5CA75B0B}.Release|Any CPU.ActiveCfg = Release|Any CPU
		{5FA5A62A-BFC7-4879-BA10-2EBE5CA75B0B}.Release|Any CPU.Build.0 = Release|Any CPU
		{5FA5A62A-BFC7-4879-BA10-2EBE5CA75B0B}.Release|x64.ActiveCfg = Release|x64
		{5FA5A62A-BFC7-4879-BA10-2EBE5CA75B0B}.Release|x64.Build.0 = Release|x64
	EndGlobalSection
	GlobalSection(SolutionProperties) = preSolution
		HideSolutionNode = FALSE
	EndGlobalSection
	GlobalSection(ExtensibilityGlobals) = postSolution
		SolutionGuid = {FED7B2E0-39E3-4198-8BCB-181BBBF96CA9}
	EndGlobalSection
EndGlobal
